
Microsoft Visual Studio Solution File, Format Version 11.00
# Visual C++ 2013
Project("{8BC9CEB8-8B4A-11D0-8D11-00A0C91BC942}") = "dxtest", "dxtest\dxtest.vcxproj", "{5353FD2B-D399-4984-9153-8E9083A6115B}"
EndProject
Project("{8BC9CEB8-8B4A-11D0-8D11-00A0C91BC942}") = "dxfw", "dxfw.vcxproj", "{8396FC53-C80C-4414-A599-B6FCD6CD0522}"
EndProject
Global
	GlobalSection(SolutionConfigurationPlatforms) = preSolution
		Debug|Win32 = Debug|Win32
		Release|Win32 = Release|Win32
	EndGlobalSection
	GlobalSection(ProjectConfigurationPlatforms) = postSolution
		{5353FD2B-D399-4984-9153-8E9083A6115B}.Debug|Win32.ActiveCfg = Debug|Win32
		{5353FD2B-D399-4984-9153-8E9083A6115B}.Debug|Win32.Build.0 = Debug|Win32
		{5353FD2B-D399-4984-9153-8E9083A6115B}.Release|Win32.ActiveCfg = Release|Win32
		{5353FD2B-D399-4984-9153-8E9083A6115B}.Release|Win32.Build.0 = Release|Win32
		{8396FC53-C80C-4414-A599-B6FCD6CD0522}.Debug|Win32.ActiveCfg = Debug|Win32
		{8396FC53-C80C-4414-A599-B6FCD6CD0522}.Debug|Win32.Build.0 = Debug|Win32
		{8396FC53-C80C-4414-A599-B6FCD6CD0522}.Release|Win32.ActiveCfg = Release|Win32
		{8396FC53-C80C-4414-A599-B6FCD6CD0522}.Release|Win32.Build.0 = Release|Win32
	EndGlobalSection
	GlobalSection(SolutionProperties) = preSolution
		HideSolutionNode = FALSE
	EndGlobalSection
EndGlobal
